
Microsoft Visual Studio Solution File, Format Version 12.00
# Visual Studio 14
VisualStudioVersion = 14.0.25123.0
MinimumVisualStudioVersion = 10.0.40219.1
Project("{FAE04EC0-301F-11D3-BF4B-00C04F79EFBC}") = "DbScout.Console", "DbScout.Console\DbScout.Console.csproj", "{D984E729-D3E4-40F6-9D04-622E40FB3B7C}"
EndProject
Project("{FAE04EC0-301F-11D3-BF4B-00C04F79EFBC}") = "DbScout.Contracts", "DbScout.Contracts\DbScout.Contracts.csproj", "{27EE2205-4798-48E2-AC70-EC7D46F07BD2}"
EndProject
Project("{FAE04EC0-301F-11D3-BF4B-00C04F79EFBC}") = "DbScout.UnitTests", "DbScout.UnitTests\DbScout.UnitTests.csproj", "{DFF3F1F7-0054-49A7-B34F-B4721C07484D}"
EndProject
Project("{FAE04EC0-301F-11D3-BF4B-00C04F79EFBC}") = "DbScout.Commands", "DbScout.Commands\DbScout.Commands.csproj", "{AFC8C9DC-CAA7-42B4-83E8-845DC5613845}"
EndProject
Global
	GlobalSection(SolutionConfigurationPlatforms) = preSolution
		Debug|Any CPU = Debug|Any CPU
		Release|Any CPU = Release|Any CPU
	EndGlobalSection
	GlobalSection(ProjectConfigurationPlatforms) = postSolution
		{D984E729-D3E4-40F6-9D04-622E40FB3B7C}.Debug|Any CPU.ActiveCfg = Debug|Any CPU
		{D984E729-D3E4-40F6-9D04-622E40FB3B7C}.Debug|Any CPU.Build.0 = Debug|Any CPU
		{D984E729-D3E4-40F6-9D04-622E40FB3B7C}.Release|Any CPU.ActiveCfg = Release|Any CPU
		{D984E729-D3E4-40F6-9D04-622E40FB3B7C}.Release|Any CPU.Build.0 = Release|Any CPU
		{27EE2205-4798-48E2-AC70-EC7D46F07BD2}.Debug|Any CPU.ActiveCfg = Debug|Any CPU
		{27EE2205-4798-48E2-AC70-EC7D46F07BD2}.Debug|Any CPU.Build.0 = Debug|Any CPU
		{27EE2205-4798-48E2-AC70-EC7D46F07BD2}.Release|Any CPU.ActiveCfg = Release|Any CPU
		{27EE2205-4798-48E2-AC70-EC7D46F07BD2}.Release|Any CPU.Build.0 = Release|Any CPU
		{DFF3F1F7-0054-49A7-B34F-B4721C07484D}.Debug|Any CPU.ActiveCfg = Debug|Any CPU
		{DFF3F1F7-0054-49A7-B34F-B4721C07484D}.Debug|Any CPU.Build.0 = Debug|Any CPU
		{DFF3F1F7-0054-49A7-B34F-B4721C07484D}.Release|Any CPU.ActiveCfg = Release|Any CPU
		{DFF3F1F7-0054-49A7-B34F-B4721C07484D}.Release|Any CPU.Build.0 = Release|Any CPU
		{AFC8C9DC-CAA7-42B4-83E8-845DC5613845}.Debug|Any CPU.ActiveCfg = Debug|Any CPU
		{AFC8C9DC-CAA7-42B4-83E8-845DC5613845}.Debug|Any CPU.Build.0 = Debug|Any CPU
		{AFC8C9DC-CAA7-42B4-83E8-845DC5613845}.Release|Any CPU.ActiveCfg = Release|Any CPU
		{AFC8C9DC-CAA7-42B4-83E8-845DC5613845}.Release|Any CPU.Build.0 = Release|Any CPU
	EndGlobalSection
	GlobalSection(SolutionProperties) = preSolution
		HideSolutionNode = FALSE
	EndGlobalSection
EndGlobal
